
Microsoft Visual Studio Solution File, Format Version 12.00
# Visual Studio 15
VisualStudioVersion = 15.0.28307.572
MinimumVisualStudioVersion = 10.0.40219.1
Project("{FAE04EC0-301F-11D3-BF4B-00C04F79EFBC}") = "Auth", "Auth\Auth.csproj", "{9C575958-FBA6-489A-87A3-E92B8873F338}"
EndProject
Project("{FAE04EC0-301F-11D3-BF4B-00C04F79EFBC}") = "Identification", "Identification\Identification.csproj", "{634CDCD0-CF93-465F-A6A1-E69562388CEE}"
EndProject
Global
	GlobalSection(SolutionConfigurationPlatforms) = preSolution
		Debug|Any CPU = Debug|Any CPU
		Release|Any CPU = Release|Any CPU
	EndGlobalSection
	GlobalSection(ProjectConfigurationPlatforms) = postSolution
		{9C575958-FBA6-489A-87A3-E92B8873F338}.Debug|Any CPU.ActiveCfg = Debug|Any CPU
		{9C575958-FBA6-489A-87A3-E92B8873F338}.Debug|Any CPU.Build.0 = Debug|Any CPU
		{9C575958-FBA6-489A-87A3-E92B8873F338}.Release|Any CPU.ActiveCfg = Release|Any CPU
		{9C575958-FBA6-489A-87A3-E92B8873F338}.Release|Any CPU.Build.0 = Release|Any CPU
		{634CDCD0-CF93-465F-A6A1-E69562388CEE}.Debug|Any CPU.ActiveCfg = Debug|Any CPU
		{634CDCD0-CF93-465F-A6A1-E69562388CEE}.Debug|Any CPU.Build.0 = Debug|Any CPU
		{634CDCD0-CF93-465F-A6A1-E69562388CEE}.Release|Any CPU.ActiveCfg = Release|Any CPU
		{634CDCD0-CF93-465F-A6A1-E69562388CEE}.Release|Any CPU.Build.0 = Release|Any CPU
	EndGlobalSection
	GlobalSection(SolutionProperties) = preSolution
		HideSolutionNode = FALSE
	EndGlobalSection
	GlobalSection(ExtensibilityGlobals) = postSolution
		SolutionGuid = {436CD9D7-0EFA-451F-83CA-7352312325DA}
	EndGlobalSection
EndGlobal
